
Microsoft Visual Studio Solution File, Format Version 12.00
# Visual Studio Version 17
VisualStudioVersion = 17.2.32630.192
MinimumVisualStudioVersion = 10.0.40219.1
Project("{9A19103F-16F7-4668-BE54-9A1E7A4F7556}") = "ConsoleApp", "CustomDiContainer\ConsoleApp.csproj", "{C2F0980A-CCFF-4FD0-919A-F23EF101F887}"
EndProject
Project("{9A19103F-16F7-4668-BE54-9A1E7A4F7556}") = "DiContainer", "OurDiContainer\DiContainer.csproj", "{8467CAC9-9580-41CD-AB3F-C1CB91C11151}"
EndProject
Global
	GlobalSection(SolutionConfigurationPlatforms) = preSolution
		Debug|Any CPU = Debug|Any CPU
		Release|Any CPU = Release|Any CPU
	EndGlobalSection
	GlobalSection(ProjectConfigurationPlatforms) = postSolution
		{C2F0980A-CCFF-4FD0-919A-F23EF101F887}.Debug|Any CPU.ActiveCfg = Debug|Any CPU
		{C2F0980A-CCFF-4FD0-919A-F23EF101F887}.Debug|Any CPU.Build.0 = Debug|Any CPU
		{C2F0980A-CCFF-4FD0-919A-F23EF101F887}.Release|Any CPU.ActiveCfg = Release|Any CPU
		{C2F0980A-CCFF-4FD0-919A-F23EF101F887}.Release|Any CPU.Build.0 = Release|Any CPU
		{8467CAC9-9580-41CD-AB3F-C1CB91C11151}.Debug|Any CPU.ActiveCfg = Debug|Any CPU
		{8467CAC9-9580-41CD-AB3F-C1CB91C11151}.Debug|Any CPU.Build.0 = Debug|Any CPU
		{8467CAC9-9580-41CD-AB3F-C1CB91C11151}.Release|Any CPU.ActiveCfg = Release|Any CPU
		{8467CAC9-9580-41CD-AB3F-C1CB91C11151}.Release|Any CPU.Build.0 = Release|Any CPU
	EndGlobalSection
	GlobalSection(SolutionProperties) = preSolution
		HideSolutionNode = FALSE
	EndGlobalSection
	GlobalSection(ExtensibilityGlobals) = postSolution
		SolutionGuid = {29664295-127A-4874-B0EA-FC5449809354}
	EndGlobalSection
EndGlobal
